
Microsoft Visual Studio Solution File, Format Version 12.00
# Visual Studio 15
VisualStudioVersion = 15.0.27703.2042
MinimumVisualStudioVersion = 10.0.40219.1
Project("{FAE04EC0-301F-11D3-BF4B-00C04F79EFBC}") = "BankManagementSystem", "BankManagementSystem\BankManagementSystem.csproj", "{10E3BDDB-242B-4DF1-977D-A186CD824026}"
EndProject
Global
	GlobalSection(SolutionConfigurationPlatforms) = preSolution
		Debug|Any CPU = Debug|Any CPU
		Release|Any CPU = Release|Any CPU
	EndGlobalSection
	GlobalSection(ProjectConfigurationPlatforms) = postSolution
		{10E3BDDB-242B-4DF1-977D-A186CD824026}.Debug|Any CPU.ActiveCfg = Debug|Any CPU
		{10E3BDDB-242B-4DF1-977D-A186CD824026}.Debug|Any CPU.Build.0 = Debug|Any CPU
		{10E3BDDB-242B-4DF1-977D-A186CD824026}.Release|Any CPU.ActiveCfg = Release|Any CPU
		{10E3BDDB-242B-4DF1-977D-A186CD824026}.Release|Any CPU.Build.0 = Release|Any CPU
	EndGlobalSection
	GlobalSection(SolutionProperties) = preSolution
		HideSolutionNode = FALSE
	EndGlobalSection
	GlobalSection(ExtensibilityGlobals) = postSolution
		SolutionGuid = {F688A249-450E-498F-83B4-FEEF9DD626F5}
	EndGlobalSection
EndGlobal
